
Microsoft Visual Studio Solution File, Format Version 12.00
# Visual Studio 14
VisualStudioVersion = 14.0.25420.1
MinimumVisualStudioVersion = 10.0.40219.1
Project("{8BC9CEB8-8B4A-11D0-8D11-00A0C91BC942}") = "appdr2", "appdr2\appdr2.vcxproj", "{899EE0C6-A146-43D4-A43A-4B6F75A5309E}"
EndProject
Project("{8BC9CEB8-8B4A-11D0-8D11-00A0C91BC942}") = "appmesh", "appmesh\appmesh.vcxproj", "{FE23E81F-397E-4A0D-BD67-6E82498E9898}"
EndProject
Project("{8BC9CEB8-8B4A-11D0-8D11-00A0C91BC942}") = "coregame", "coregame\coregame.vcxproj", "{B217886A-C4DC-4444-92EC-83A4C66A4B7C}"
EndProject
Project("{8BC9CEB8-8B4A-11D0-8D11-00A0C91BC942}") = "coregame_ai", "coregame_ai\coregame_ai.vcxproj", "{D1EE3C8D-B78B-49BA-843B-9E23C9E8816C}"
EndProject
Project("{8BC9CEB8-8B4A-11D0-8D11-00A0C91BC942}") = "coregame_interface", "coregame_interface\coregame_interface.vcxproj", "{B2392F3F-72B2-4F7B-848E-531680F3F2CA}"
EndProject
Project("{8BC9CEB8-8B4A-11D0-8D11-00A0C91BC942}") = "coregame_objects", "coregame_objects\coregame_objects.vcxproj", "{862B8936-E31C-482A-A60E-047B2DC49B6A}"
EndProject
Project("{8BC9CEB8-8B4A-11D0-8D11-00A0C91BC942}") = "coregame_orders", "coregame_orders\coregame_orders.vcxproj", "{24739E0E-9F11-4831-A24B-1C647B6ACA7D}"
EndProject
Project("{8BC9CEB8-8B4A-11D0-8D11-00A0C91BC942}") = "coregame_particles", "coregame_particles\coregame_particles.vcxproj", "{4550350D-1785-4196-85EE-55B5AD3C1FB8}"
EndProject
Project("{8BC9CEB8-8B4A-11D0-8D11-00A0C91BC942}") = "coregame_tasks", "coregame_tasks\coregame_tasks.vcxproj", "{9E0BBD1C-C4E1-4CB3-BDC0-88CC64C39E19}"
EndProject
Project("{8BC9CEB8-8B4A-11D0-8D11-00A0C91BC942}") = "game", "game\game.vcxproj", "{9FE7BE0D-D08A-4962-8B16-7A1A6FB68430}"
EndProject
Project("{8BC9CEB8-8B4A-11D0-8D11-00A0C91BC942}") = "graphics", "graphics\graphics.vcxproj", "{15430EFD-9710-45B8-9B17-B2326B2D32CB}"
EndProject
Project("{8BC9CEB8-8B4A-11D0-8D11-00A0C91BC942}") = "interface", "interface\interface.vcxproj", "{A6A64C3C-9370-4084-A176-7E62C76D229E}"
EndProject
Project("{8BC9CEB8-8B4A-11D0-8D11-00A0C91BC942}") = "main", "main\main.vcxproj", "{9AF29386-D1B4-41C4-B321-C68E4C4FC0DE}"
EndProject
Project("{8BC9CEB8-8B4A-11D0-8D11-00A0C91BC942}") = "multiplayer", "multiplayer\multiplayer.vcxproj", "{64842B0F-72A2-4EA8-818E-C434974482C9}"
EndProject
Project("{8BC9CEB8-8B4A-11D0-8D11-00A0C91BC942}") = "sound", "sound\sound.vcxproj", "{9232D5C2-D5EC-45B8-91E6-143C90E127D2}"
EndProject
Project("{8BC9CEB8-8B4A-11D0-8D11-00A0C91BC942}") = "styxnet", "styxnet\styxnet.vcxproj", "{BF030FA8-19BF-45CA-9261-93B9FEFB6C7E}"
EndProject
Project("{8BC9CEB8-8B4A-11D0-8D11-00A0C91BC942}") = "system", "system\system.vcxproj", "{5F304C70-E454-4818-AC61-BFA204271AFF}"
EndProject
Project("{8BC9CEB8-8B4A-11D0-8D11-00A0C91BC942}") = "util", "util\util.vcxproj", "{1622AE1E-6F9E-4EFF-B6BD-A90AF3B174B2}"
EndProject
Project("{8BC9CEB8-8B4A-11D0-8D11-00A0C91BC942}") = "wonlib", "wonlib\wonlib.vcxproj", "{1764E8DA-1F79-49B1-B1D0-C7B6339C1ECF}"
EndProject
Project("{8BC9CEB8-8B4A-11D0-8D11-00A0C91BC942}") = "wonserver", "won\wonserver.vcxproj", "{4A2F2FF2-01BE-495C-AD1E-ACA4E94ED805}"
EndProject
Global
	GlobalSection(SolutionConfigurationPlatforms) = preSolution
		Debug|Win32 = Debug|Win32
		Debug|x64 = Debug|x64
		Release|Win32 = Release|Win32
		Release|x64 = Release|x64
	EndGlobalSection
	GlobalSection(ProjectConfigurationPlatforms) = postSolution
		{899EE0C6-A146-43D4-A43A-4B6F75A5309E}.Debug|Win32.ActiveCfg = Debug|Win32
		{899EE0C6-A146-43D4-A43A-4B6F75A5309E}.Debug|Win32.Build.0 = Debug|Win32
		{899EE0C6-A146-43D4-A43A-4B6F75A5309E}.Debug|Win32.Deploy.0 = Debug|Win32
		{899EE0C6-A146-43D4-A43A-4B6F75A5309E}.Debug|x64.ActiveCfg = Debug|Win32
		{899EE0C6-A146-43D4-A43A-4B6F75A5309E}.Release|Win32.ActiveCfg = Release|Win32
		{899EE0C6-A146-43D4-A43A-4B6F75A5309E}.Release|Win32.Build.0 = Release|Win32
		{899EE0C6-A146-43D4-A43A-4B6F75A5309E}.Release|Win32.Deploy.0 = Release|Win32
		{899EE0C6-A146-43D4-A43A-4B6F75A5309E}.Release|x64.ActiveCfg = Release|Win32
		{FE23E81F-397E-4A0D-BD67-6E82498E9898}.Debug|Win32.ActiveCfg = Debug|Win32
		{FE23E81F-397E-4A0D-BD67-6E82498E9898}.Debug|Win32.Build.0 = Debug|Win32
		{FE23E81F-397E-4A0D-BD67-6E82498E9898}.Debug|Win32.Deploy.0 = Debug|Win32
		{FE23E81F-397E-4A0D-BD67-6E82498E9898}.Debug|x64.ActiveCfg = Debug|Win32
		{FE23E81F-397E-4A0D-BD67-6E82498E9898}.Release|Win32.ActiveCfg = Release|Win32
		{FE23E81F-397E-4A0D-BD67-6E82498E9898}.Release|Win32.Build.0 = Release|Win32
		{FE23E81F-397E-4A0D-BD67-6E82498E9898}.Release|Win32.Deploy.0 = Release|Win32
		{FE23E81F-397E-4A0D-BD67-6E82498E9898}.Release|x64.ActiveCfg = Release|Win32
		{B217886A-C4DC-4444-92EC-83A4C66A4B7C}.Debug|Win32.ActiveCfg = Debug|Win32
		{B217886A-C4DC-4444-92EC-83A4C66A4B7C}.Debug|Win32.Build.0 = Debug|Win32
		{B217886A-C4DC-4444-92EC-83A4C66A4B7C}.Debug|Win32.Deploy.0 = Debug|Win32
		{B217886A-C4DC-4444-92EC-83A4C66A4B7C}.Debug|x64.ActiveCfg = Debug|Win32
		{B217886A-C4DC-4444-92EC-83A4C66A4B7C}.Release|Win32.ActiveCfg = Release|Win32
		{B217886A-C4DC-4444-92EC-83A4C66A4B7C}.Release|Win32.Build.0 = Release|Win32
		{B217886A-C4DC-4444-92EC-83A4C66A4B7C}.Release|Win32.Deploy.0 = Release|Win32
		{B217886A-C4DC-4444-92EC-83A4C66A4B7C}.Release|x64.ActiveCfg = Release|Win32
		{D1EE3C8D-B78B-49BA-843B-9E23C9E8816C}.Debug|Win32.ActiveCfg = Debug|Win32
		{D1EE3C8D-B78B-49BA-843B-9E23C9E8816C}.Debug|Win32.Build.0 = Debug|Win32
		{D1EE3C8D-B78B-49BA-843B-9E23C9E8816C}.Debug|Win32.Deploy.0 = Debug|Win32
		{D1EE3C8D-B78B-49BA-843B-9E23C9E8816C}.Debug|x64.ActiveCfg = Debug|Win32
		{D1EE3C8D-B78B-49BA-843B-9E23C9E8816C}.Release|Win32.ActiveCfg = Release|Win32
		{D1EE3C8D-B78B-49BA-843B-9E23C9E8816C}.Release|Win32.Build.0 = Release|Win32
		{D1EE3C8D-B78B-49BA-843B-9E23C9E8816C}.Release|Win32.Deploy.0 = Release|Win32
		{D1EE3C8D-B78B-49BA-843B-9E23C9E8816C}.Release|x64.ActiveCfg = Release|Win32
		{B2392F3F-72B2-4F7B-848E-531680F3F2CA}.Debug|Win32.ActiveCfg = Debug|Win32
		{B2392F3F-72B2-4F7B-848E-531680F3F2CA}.Debug|Win32.Build.0 = Debug|Win32
		{B2392F3F-72B2-4F7B-848E-531680F3F2CA}.Debug|Win32.Deploy.0 = Debug|Win32
		{B2392F3F-72B2-4F7B-848E-531680F3F2CA}.Debug|x64.ActiveCfg = Debug|Win32
		{B2392F3F-72B2-4F7B-848E-531680F3F2CA}.Release|Win32.ActiveCfg = Release|Win32
		{B2392F3F-72B2-4F7B-848E-531680F3F2CA}.Release|Win32.Build.0 = Release|Win32
		{B2392F3F-72B2-4F7B-848E-531680F3F2CA}.Release|Win32.Deploy.0 = Release|Win32
		{B2392F3F-72B2-4F7B-848E-531680F3F2CA}.Release|x64.ActiveCfg = Release|Win32
		{862B8936-E31C-482A-A60E-047B2DC49B6A}.Debug|Win32.ActiveCfg = Debug|Win32
		{862B8936-E31C-482A-A60E-047B2DC49B6A}.Debug|Win32.Build.0 = Debug|Win32
		{862B8936-E31C-482A-A60E-047B2DC49B6A}.Debug|Win32.Deploy.0 = Debug|Win32
		{862B8936-E31C-482A-A60E-047B2DC49B6A}.Debug|x64.ActiveCfg = Debug|Win32
		{862B8936-E31C-482A-A60E-047B2DC49B6A}.Release|Win32.ActiveCfg = Release|Win32
		{862B8936-E31C-482A-A60E-047B2DC49B6A}.Release|Win32.Build.0 = Release|Win32
		{862B8936-E31C-482A-A60E-047B2DC49B6A}.Release|Win32.Deploy.0 = Release|Win32
		{862B8936-E31C-482A-A60E-047B2DC49B6A}.Release|x64.ActiveCfg = Release|Win32
		{24739E0E-9F11-4831-A24B-1C647B6ACA7D}.Debug|Win32.ActiveCfg = Debug|Win32
		{24739E0E-9F11-4831-A24B-1C647B6ACA7D}.Debug|Win32.Build.0 = Debug|Win32
		{24739E0E-9F11-4831-A24B-1C647B6ACA7D}.Debug|Win32.Deploy.0 = Debug|Win32
		{24739E0E-9F11-4831-A24B-1C647B6ACA7D}.Debug|x64.ActiveCfg = Debug|Win32
		{24739E0E-9F11-4831-A24B-1C647B6ACA7D}.Release|Win32.ActiveCfg = Release|Win32
		{24739E0E-9F11-4831-A24B-1C647B6ACA7D}.Release|Win32.Build.0 = Release|Win32
		{24739E0E-9F11-4831-A24B-1C647B6ACA7D}.Release|Win32.Deploy.0 = Release|Win32
		{24739E0E-9F11-4831-A24B-1C647B6ACA7D}.Release|x64.ActiveCfg = Release|Win32
		{4550350D-1785-4196-85EE-55B5AD3C1FB8}.Debug|Win32.ActiveCfg = Debug|Win32
		{4550350D-1785-4196-85EE-55B5AD3C1FB8}.Debug|Win32.Build.0 = Debug|Win32
		{4550350D-1785-4196-85EE-55B5AD3C1FB8}.Debug|Win32.Deploy.0 = Debug|Win32
		{4550350D-1785-4196-85EE-55B5AD3C1FB8}.Debug|x64.ActiveCfg = Debug|Win32
		{4550350D-1785-4196-85EE-55B5AD3C1FB8}.Release|Win32.ActiveCfg = Release|Win32
		{4550350D-1785-4196-85EE-55B5AD3C1FB8}.Release|Win32.Build.0 = Release|Win32
		{4550350D-1785-4196-85EE-55B5AD3C1FB8}.Release|Win32.Deploy.0 = Release|Win32
		{4550350D-1785-4196-85EE-55B5AD3C1FB8}.Release|x64.ActiveCfg = Release|Win32
		{9E0BBD1C-C4E1-4CB3-BDC0-88CC64C39E19}.Debug|Win32.ActiveCfg = Debug|Win32
		{9E0BBD1C-C4E1-4CB3-BDC0-88CC64C39E19}.Debug|Win32.Build.0 = Debug|Win32
		{9E0BBD1C-C4E1-4CB3-BDC0-88CC64C39E19}.Debug|Win32.Deploy.0 = Debug|Win32
		{9E0BBD1C-C4E1-4CB3-BDC0-88CC64C39E19}.Debug|x64.ActiveCfg = Debug|Win32
		{9E0BBD1C-C4E1-4CB3-BDC0-88CC64C39E19}.Release|Win32.ActiveCfg = Release|Win32
		{9E0BBD1C-C4E1-4CB3-BDC0-88CC64C39E19}.Release|Win32.Build.0 = Release|Win32
		{9E0BBD1C-C4E1-4CB3-BDC0-88CC64C39E19}.Release|Win32.Deploy.0 = Release|Win32
		{9E0BBD1C-C4E1-4CB3-BDC0-88CC64C39E19}.Release|x64.ActiveCfg = Release|Win32
		{9FE7BE0D-D08A-4962-8B16-7A1A6FB68430}.Debug|Win32.ActiveCfg = Debug|Win32
		{9FE7BE0D-D08A-4962-8B16-7A1A6FB68430}.Debug|Win32.Build.0 = Debug|Win32
		{9FE7BE0D-D08A-4962-8B16-7A1A6FB68430}.Debug|Win32.Deploy.0 = Debug|Win32
		{9FE7BE0D-D08A-4962-8B16-7A1A6FB68430}.Debug|x64.ActiveCfg = Debug|Win32
		{9FE7BE0D-D08A-4962-8B16-7A1A6FB68430}.Release|Win32.ActiveCfg = Release|Win32
		{9FE7BE0D-D08A-4962-8B16-7A1A6FB68430}.Release|Win32.Build.0 = Release|Win32
		{9FE7BE0D-D08A-4962-8B16-7A1A6FB68430}.Release|Win32.Deploy.0 = Release|Win32
		{9FE7BE0D-D08A-4962-8B16-7A1A6FB68430}.Release|x64.ActiveCfg = Release|Win32
		{15430EFD-9710-45B8-9B17-B2326B2D32CB}.Debug|Win32.ActiveCfg = Debug|Win32
		{15430EFD-9710-45B8-9B17-B2326B2D32CB}.Debug|Win32.Build.0 = Debug|Win32
		{15430EFD-9710-45B8-9B17-B2326B2D32CB}.Debug|Win32.Deploy.0 = Debug|Win32
		{15430EFD-9710-45B8-9B17-B2326B2D32CB}.Debug|x64.ActiveCfg = Debug|Win32
		{15430EFD-9710-45B8-9B17-B2326B2D32CB}.Release|Win32.ActiveCfg = Release|Win32
		{15430EFD-9710-45B8-9B17-B2326B2D32CB}.Release|Win32.Build.0 = Release|Win32
		{15430EFD-9710-45B8-9B17-B2326B2D32CB}.Release|Win32.Deploy.0 = Release|Win32
		{15430EFD-9710-45B8-9B17-B2326B2D32CB}.Release|x64.ActiveCfg = Release|Win32
		{A6A64C3C-9370-4084-A176-7E62C76D229E}.Debug|Win32.ActiveCfg = Debug|Win32
		{A6A64C3C-9370-4084-A176-7E62C76D229E}.Debug|Win32.Build.0 = Debug|Win32
		{A6A64C3C-9370-4084-A176-7E62C76D229E}.Debug|Win32.Deploy.0 = Debug|Win32
		{A6A64C3C-9370-4084-A176-7E62C76D229E}.Debug|x64.ActiveCfg = Debug|Win32
		{A6A64C3C-9370-4084-A176-7E62C76D229E}.Release|Win32.ActiveCfg = Release|Win32
		{A6A64C3C-9370-4084-A176-7E62C76D229E}.Release|Win32.Build.0 = Release|Win32
		{A6A64C3C-9370-4084-A176-7E62C76D229E}.Release|Win32.Deploy.0 = Release|Win32
		{A6A64C3C-9370-4084-A176-7E62C76D229E}.Release|x64.ActiveCfg = Release|Win32
		{9AF29386-D1B4-41C4-B321-C68E4C4FC0DE}.Debug|Win32.ActiveCfg = Debug|Win32
		{9AF29386-D1B4-41C4-B321-C68E4C4FC0DE}.Debug|Win32.Build.0 = Debug|Win32
		{9AF29386-D1B4-41C4-B321-C68E4C4FC0DE}.Debug|Win32.Deploy.0 = Debug|Win32
		{9AF29386-D1B4-41C4-B321-C68E4C4FC0DE}.Debug|x64.ActiveCfg = Debug|Win32
		{9AF29386-D1B4-41C4-B321-C68E4C4FC0DE}.Release|Win32.ActiveCfg = Release|Win32
		{9AF29386-D1B4-41C4-B321-C68E4C4FC0DE}.Release|Win32.Build.0 = Release|Win32
		{9AF29386-D1B4-41C4-B321-C68E4C4FC0DE}.Release|Win32.Deploy.0 = Release|Win32
		{9AF29386-D1B4-41C4-B321-C68E4C4FC0DE}.Release|x64.ActiveCfg = Release|Win32
		{64842B0F-72A2-4EA8-818E-C434974482C9}.Debug|Win32.ActiveCfg = Debug|Win32
		{64842B0F-72A2-4EA8-818E-C434974482C9}.Debug|Win32.Build.0 = Debug|Win32
		{64842B0F-72A2-4EA8-818E-C434974482C9}.Debug|Win32.Deploy.0 = Debug|Win32
		{64842B0F-72A2-4EA8-818E-C434974482C9}.Debug|x64.ActiveCfg = Debug|Win32
		{64842B0F-72A2-4EA8-818E-C434974482C9}.Release|Win32.ActiveCfg = Release|Win32
		{64842B0F-72A2-4EA8-818E-C434974482C9}.Release|Win32.Build.0 = Release|Win32
		{64842B0F-72A2-4EA8-818E-C434974482C9}.Release|Win32.Deploy.0 = Release|Win32
		{64842B0F-72A2-4EA8-818E-C434974482C9}.Release|x64.ActiveCfg = Release|Win32
		{9232D5C2-D5EC-45B8-91E6-143C90E127D2}.Debug|Win32.ActiveCfg = Debug|Win32
		{9232D5C2-D5EC-45B8-91E6-143C90E127D2}.Debug|Win32.Build.0 = Debug|Win32
		{9232D5C2-D5EC-45B8-91E6-143C90E127D2}.Debug|Win32.Deploy.0 = Debug|Win32
		{9232D5C2-D5EC-45B8-91E6-143C90E127D2}.Debug|x64.ActiveCfg = Debug|Win32
		{9232D5C2-D5EC-45B8-91E6-143C90E127D2}.Release|Win32.ActiveCfg = Release|Win32
		{9232D5C2-D5EC-45B8-91E6-143C90E127D2}.Release|Win32.Build.0 = Release|Win32
		{9232D5C2-D5EC-45B8-91E6-143C90E127D2}.Release|Win32.Deploy.0 = Release|Win32
		{9232D5C2-D5EC-45B8-91E6-143C90E127D2}.Release|x64.ActiveCfg = Release|Win32
		{BF030FA8-19BF-45CA-9261-93B9FEFB6C7E}.Debug|Win32.ActiveCfg = Debug|Win32
		{BF030FA8-19BF-45CA-9261-93B9FEFB6C7E}.Debug|Win32.Build.0 = Debug|Win32
		{BF030FA8-19BF-45CA-9261-93B9FEFB6C7E}.Debug|Win32.Deploy.0 = Debug|Win32
		{BF030FA8-19BF-45CA-9261-93B9FEFB6C7E}.Debug|x64.ActiveCfg = Debug|Win32
		{BF030FA8-19BF-45CA-9261-93B9FEFB6C7E}.Release|Win32.ActiveCfg = Release|Win32
		{BF030FA8-19BF-45CA-9261-93B9FEFB6C7E}.Release|Win32.Build.0 = Release|Win32
		{BF030FA8-19BF-45CA-9261-93B9FEFB6C7E}.Release|Win32.Deploy.0 = Release|Win32
		{BF030FA8-19BF-45CA-9261-93B9FEFB6C7E}.Release|x64.ActiveCfg = Release|Win32
		{5F304C70-E454-4818-AC61-BFA204271AFF}.Debug|Win32.ActiveCfg = Debug|Win32
		{5F304C70-E454-4818-AC61-BFA204271AFF}.Debug|Win32.Build.0 = Debug|Win32
		{5F304C70-E454-4818-AC61-BFA204271AFF}.Debug|Win32.Deploy.0 = Debug|Win32
		{5F304C70-E454-4818-AC61-BFA204271AFF}.Debug|x64.ActiveCfg = Debug|Win32
		{5F304C70-E454-4818-AC61-BFA204271AFF}.Release|Win32.ActiveCfg = Release|Win32
		{5F304C70-E454-4818-AC61-BFA204271AFF}.Release|Win32.Build.0 = Release|Win32
		{5F304C70-E454-4818-AC61-BFA204271AFF}.Release|Win32.Deploy.0 = Release|Win32
		{5F304C70-E454-4818-AC61-BFA204271AFF}.Release|x64.ActiveCfg = Release|Win32
		{1622AE1E-6F9E-4EFF-B6BD-A90AF3B174B2}.Debug|Win32.ActiveCfg = Debug|Win32
		{1622AE1E-6F9E-4EFF-B6BD-A90AF3B174B2}.Debug|Win32.Build.0 = Debug|Win32
		{1622AE1E-6F9E-4EFF-B6BD-A90AF3B174B2}.Debug|Win32.Deploy.0 = Debug|Win32
		{1622AE1E-6F9E-4EFF-B6BD-A90AF3B174B2}.Debug|x64.ActiveCfg = Debug|Win32
		{1622AE1E-6F9E-4EFF-B6BD-A90AF3B174B2}.Release|Win32.ActiveCfg = Release|Win32
		{1622AE1E-6F9E-4EFF-B6BD-A90AF3B174B2}.Release|Win32.Build.0 = Release|Win32
		{1622AE1E-6F9E-4EFF-B6BD-A90AF3B174B2}.Release|Win32.Deploy.0 = Release|Win32
		{1622AE1E-6F9E-4EFF-B6BD-A90AF3B174B2}.Release|x64.ActiveCfg = Release|Win32
		{1764E8DA-1F79-49B1-B1D0-C7B6339C1ECF}.Debug|Win32.ActiveCfg = Debug|Win32
		{1764E8DA-1F79-49B1-B1D0-C7B6339C1ECF}.Debug|Win32.Build.0 = Debug|Win32
		{1764E8DA-1F79-49B1-B1D0-C7B6339C1ECF}.Debug|Win32.Deploy.0 = Debug|Win32
		{1764E8DA-1F79-49B1-B1D0-C7B6339C1ECF}.Debug|x64.ActiveCfg = Debug|Win32
		{1764E8DA-1F79-49B1-B1D0-C7B6339C1ECF}.Release|Win32.ActiveCfg = Release|Win32
		{1764E8DA-1F79-49B1-B1D0-C7B6339C1ECF}.Release|Win32.Build.0 = Release|Win32
		{1764E8DA-1F79-49B1-B1D0-C7B6339C1ECF}.Release|Win32.Deploy.0 = Release|Win32
		{1764E8DA-1F79-49B1-B1D0-C7B6339C1ECF}.Release|x64.ActiveCfg = Release|Win32
		{4A2F2FF2-01BE-495C-AD1E-ACA4E94ED805}.Debug|Win32.ActiveCfg = Debug|Win32
		{4A2F2FF2-01BE-495C-AD1E-ACA4E94ED805}.Debug|Win32.Build.0 = Debug|Win32
		{4A2F2FF2-01BE-495C-AD1E-ACA4E94ED805}.Debug|x64.ActiveCfg = Debug|x64
		{4A2F2FF2-01BE-495C-AD1E-ACA4E94ED805}.Debug|x64.Build.0 = Debug|x64
		{4A2F2FF2-01BE-495C-AD1E-ACA4E94ED805}.Release|Win32.ActiveCfg = Release|Win32
		{4A2F2FF2-01BE-495C-AD1E-ACA4E94ED805}.Release|Win32.Build.0 = Release|Win32
		{4A2F2FF2-01BE-495C-AD1E-ACA4E94ED805}.Release|x64.ActiveCfg = Release|x64
		{4A2F2FF2-01BE-495C-AD1E-ACA4E94ED805}.Release|x64.Build.0 = Release|x64
	EndGlobalSection
	GlobalSection(SolutionProperties) = preSolution
		HideSolutionNode = FALSE
	EndGlobalSection
EndGlobal
